
Microsoft Visual Studio Solution File, Format Version 12.00
# Visual Studio Version 16
VisualStudioVersion = 16.0.29201.188
MinimumVisualStudioVersion = 10.0.40219.1
Project("{9A19103F-16F7-4668-BE54-9A1E7A4F7556}") = "BinaryMatrixClusterFinderMain", "BinaryMatrixClusterFinderMain.csproj", "{A4537E75-E672-469D-8E6C-B457963CBD38}"
EndProject
Project("{FAE04EC0-301F-11D3-BF4B-00C04F79EFBC}") = "BinaryMatrixClusterFinderUT", "..\BinaryMatrixClusterFinderUT\BinaryMatrixClusterFinderUT.csproj", "{804E0D1C-B476-4ED1-9976-87FD54E53B10}"
EndProject
Global
	GlobalSection(SolutionConfigurationPlatforms) = preSolution
		Debug|Any CPU = Debug|Any CPU
		Release|Any CPU = Release|Any CPU
	EndGlobalSection
	GlobalSection(ProjectConfigurationPlatforms) = postSolution
		{A4537E75-E672-469D-8E6C-B457963CBD38}.Debug|Any CPU.ActiveCfg = Debug|Any CPU
		{A4537E75-E672-469D-8E6C-B457963CBD38}.Debug|Any CPU.Build.0 = Debug|Any CPU
		{A4537E75-E672-469D-8E6C-B457963CBD38}.Release|Any CPU.ActiveCfg = Release|Any CPU
		{A4537E75-E672-469D-8E6C-B457963CBD38}.Release|Any CPU.Build.0 = Release|Any CPU
		{804E0D1C-B476-4ED1-9976-87FD54E53B10}.Debug|Any CPU.ActiveCfg = Debug|Any CPU
		{804E0D1C-B476-4ED1-9976-87FD54E53B10}.Debug|Any CPU.Build.0 = Debug|Any CPU
		{804E0D1C-B476-4ED1-9976-87FD54E53B10}.Release|Any CPU.ActiveCfg = Release|Any CPU
		{804E0D1C-B476-4ED1-9976-87FD54E53B10}.Release|Any CPU.Build.0 = Release|Any CPU
	EndGlobalSection
	GlobalSection(SolutionProperties) = preSolution
		HideSolutionNode = FALSE
	EndGlobalSection
	GlobalSection(ExtensibilityGlobals) = postSolution
		SolutionGuid = {3602ABA2-5DFB-474C-A8E7-F84C611CBD07}
	EndGlobalSection
EndGlobal
